
Microsoft Visual Studio Solution File, Format Version 11.00
# Visual Studio 2010
Project("{FAE04EC0-301F-11D3-BF4B-00C04F79EFBC}") = "CheerApp.iOS", "CheerApp.iOS\CheerApp.iOS.csproj", "{A10944A3-80E8-4A8D-A6F5-1A10606AAE60}"
EndProject
Project("{FAE04EC0-301F-11D3-BF4B-00C04F79EFBC}") = "CheerApp.Common", "CheerApp.Common\CheerApp.Common.csproj", "{080CEF56-5300-4F44-8FB4-A55D99B5B7FB}"
EndProject
Global
	GlobalSection(SolutionConfigurationPlatforms) = preSolution
		Debug|iPhoneSimulator = Debug|iPhoneSimulator
		Release|iPhoneSimulator = Release|iPhoneSimulator
		Debug|iPhone = Debug|iPhone
		Release|iPhone = Release|iPhone
	EndGlobalSection
	GlobalSection(ProjectConfigurationPlatforms) = postSolution
		{A10944A3-80E8-4A8D-A6F5-1A10606AAE60}.Debug|iPhone.ActiveCfg = Debug|iPhone
		{A10944A3-80E8-4A8D-A6F5-1A10606AAE60}.Debug|iPhone.Build.0 = Debug|iPhone
		{A10944A3-80E8-4A8D-A6F5-1A10606AAE60}.Debug|iPhoneSimulator.ActiveCfg = Debug|iPhoneSimulator
		{A10944A3-80E8-4A8D-A6F5-1A10606AAE60}.Debug|iPhoneSimulator.Build.0 = Debug|iPhoneSimulator
		{A10944A3-80E8-4A8D-A6F5-1A10606AAE60}.Release|iPhone.ActiveCfg = Release|iPhone
		{A10944A3-80E8-4A8D-A6F5-1A10606AAE60}.Release|iPhone.Build.0 = Release|iPhone
		{A10944A3-80E8-4A8D-A6F5-1A10606AAE60}.Release|iPhoneSimulator.ActiveCfg = Release|iPhoneSimulator
		{A10944A3-80E8-4A8D-A6F5-1A10606AAE60}.Release|iPhoneSimulator.Build.0 = Release|iPhoneSimulator
		{080CEF56-5300-4F44-8FB4-A55D99B5B7FB}.Debug|iPhoneSimulator.ActiveCfg = Debug|Any CPU
		{080CEF56-5300-4F44-8FB4-A55D99B5B7FB}.Debug|iPhoneSimulator.Build.0 = Debug|Any CPU
		{080CEF56-5300-4F44-8FB4-A55D99B5B7FB}.Release|iPhoneSimulator.ActiveCfg = Release|Any CPU
		{080CEF56-5300-4F44-8FB4-A55D99B5B7FB}.Release|iPhoneSimulator.Build.0 = Release|Any CPU
		{080CEF56-5300-4F44-8FB4-A55D99B5B7FB}.Debug|iPhone.ActiveCfg = Debug|Any CPU
		{080CEF56-5300-4F44-8FB4-A55D99B5B7FB}.Debug|iPhone.Build.0 = Debug|Any CPU
		{080CEF56-5300-4F44-8FB4-A55D99B5B7FB}.Release|iPhone.ActiveCfg = Release|Any CPU
		{080CEF56-5300-4F44-8FB4-A55D99B5B7FB}.Release|iPhone.Build.0 = Release|Any CPU
	EndGlobalSection
	GlobalSection(MonoDevelopProperties) = preSolution
		StartupItem = CheerApp.iOS\CheerApp.iOS.csproj
	EndGlobalSection
EndGlobal
